
Microsoft Visual Studio Solution File, Format Version 12.00
# Visual Studio Version 16
VisualStudioVersion = 16.0.31624.102
MinimumVisualStudioVersion = 10.0.40219.1
Project("{FAE04EC0-301F-11D3-BF4B-00C04F79EFBC}") = "Farneti.Santi.Casadei.TombolaServer", "Farneti.Santi.Casadei.TombolaServer.csproj", "{882DCCBD-34B7-4CB5-820D-E4671ECDC97B}"
EndProject
Global
	GlobalSection(SolutionConfigurationPlatforms) = preSolution
		Debug|Any CPU = Debug|Any CPU
		Release|Any CPU = Release|Any CPU
	EndGlobalSection
	GlobalSection(ProjectConfigurationPlatforms) = postSolution
		{882DCCBD-34B7-4CB5-820D-E4671ECDC97B}.Debug|Any CPU.ActiveCfg = Debug|Any CPU
		{882DCCBD-34B7-4CB5-820D-E4671ECDC97B}.Debug|Any CPU.Build.0 = Debug|Any CPU
		{882DCCBD-34B7-4CB5-820D-E4671ECDC97B}.Release|Any CPU.ActiveCfg = Release|Any CPU
		{882DCCBD-34B7-4CB5-820D-E4671ECDC97B}.Release|Any CPU.Build.0 = Release|Any CPU
	EndGlobalSection
	GlobalSection(SolutionProperties) = preSolution
		HideSolutionNode = FALSE
	EndGlobalSection
	GlobalSection(ExtensibilityGlobals) = postSolution
		SolutionGuid = {1F3CD3BC-5D9C-490E-9177-36E36A1CA60D}
	EndGlobalSection
EndGlobal
